// !$*UTF8*$!
{
	archiveVersion = 1;
	classes = {
	};
	objectVersion = 50;
	objects = {

/* Begin PBXBuildFile section */
		ED01FE4324764DB20089CB6D /* menu.swift in Sources */ = {isa = PBXBuildFile; fileRef = ED01FE4224764DB20089CB6D /* menu.swift */; };
		ED01FE45247657130089CB6D /* Preview2ViewController.swift in Sources */ = {isa = PBXBuildFile; fileRef = ED01FE44247657130089CB6D /* Preview2ViewController.swift */; };
		ED01FE47247657340089CB6D /* Preview3ViewController.swift in Sources */ = {isa = PBXBuildFile; fileRef = ED01FE46247657340089CB6D /* Preview3ViewController.swift */; };
		ED3E95152482477D00AA4121 /* AboutAppViewController.swift in Sources */ = {isa = PBXBuildFile; fileRef = ED3E95142482477D00AA4121 /* AboutAppViewController.swift */; };
		ED4A2F5E24756095009B265B /* chooseMenuViewController.swift in Sources */ = {isa = PBXBuildFile; fileRef = ED4A2F5D24756095009B265B /* chooseMenuViewController.swift */; };
		ED5306F9247D292E00846D5F /* KTEGAKI.ttf in Resources */ = {isa = PBXBuildFile; fileRef = ED5306F7247D292E00846D5F /* KTEGAKI.ttf */; };
		ED5306FA247D292E00846D5F /* readme.txt in Resources */ = {isa = PBXBuildFile; fileRef = ED5306F8247D292E00846D5F /* readme.txt */; };
		ED87A7EC2470112A00869C88 /* AppDelegate.swift in Sources */ = {isa = PBXBuildFile; fileRef = ED87A7EB2470112A00869C88 /* AppDelegate.swift */; };
		ED87A7EE2470112A00869C88 /* SceneDelegate.swift in Sources */ = {isa = PBXBuildFile; fileRef = ED87A7ED2470112A00869C88 /* SceneDelegate.swift */; };
		ED87A7F02470112A00869C88 /* ViewController.swift in Sources */ = {isa = PBXBuildFile; fileRef = ED87A7EF2470112A00869C88 /* ViewController.swift */; };
		ED87A7F32470112A00869C88 /* Main.storyboard in Resources */ = {isa = PBXBuildFile; fileRef = ED87A7F12470112A00869C88 /* Main.storyboard */; };
		ED87A7F52470112D00869C88 /* Assets.xcassets in Resources */ = {isa = PBXBuildFile; fileRef = ED87A7F42470112D00869C88 /* Assets.xcassets */; };
		ED87A7F82470112D00869C88 /* LaunchScreen.storyboard in Resources */ = {isa = PBXBuildFile; fileRef = ED87A7F62470112D00869C88 /* LaunchScreen.storyboard */; };
		ED87A8032470112D00869C88 /* MenuMakerTests.swift in Sources */ = {isa = PBXBuildFile; fileRef = ED87A8022470112D00869C88 /* MenuMakerTests.swift */; };
		ED87A80E2470112D00869C88 /* MenuMakerUITests.swift in Sources */ = {isa = PBXBuildFile; fileRef = ED87A80D2470112D00869C88 /* MenuMakerUITests.swift */; };
		ED87A8222470133E00869C88 /* PreviewViewController.swift in Sources */ = {isa = PBXBuildFile; fileRef = ED87A8212470133E00869C88 /* PreviewViewController.swift */; };
		ED91C794248B81B400A5E637 /* Preview7ViewController.swift in Sources */ = {isa = PBXBuildFile; fileRef = ED91C793248B81B300A5E637 /* Preview7ViewController.swift */; };
		ED91C796248B81C900A5E637 /* Preview8ViewController.swift in Sources */ = {isa = PBXBuildFile; fileRef = ED91C795248B81C900A5E637 /* Preview8ViewController.swift */; };
		ED91C798248B876C00A5E637 /* Preview9ViewController.swift in Sources */ = {isa = PBXBuildFile; fileRef = ED91C797248B876C00A5E637 /* Preview9ViewController.swift */; };
		ED91C79A248B878100A5E637 /* Preview10ViewController.swift in Sources */ = {isa = PBXBuildFile; fileRef = ED91C799248B878100A5E637 /* Preview10ViewController.swift */; };
		EDFD83FD24877C23002AD414 /* アプリ説明動画.mp4 in Resources */ = {isa = PBXBuildFile; fileRef = EDFD83FC24877C23002AD414 /* アプリ説明動画.mp4 */; };
		EDFD83FF24877F85002AD414 /* TutorialVideoPlayerViewController.swift in Sources */ = {isa = PBXBuildFile; fileRef = EDFD83FE24877F85002AD414 /* TutorialVideoPlayerViewController.swift */; };
		EDFD84082487F617002AD414 /* JKG-M_3.ttf in Resources */ = {isa = PBXBuildFile; fileRef = EDFD84012487F616002AD414 /* JKG-M_3.ttf */; };
		EDFD84092487F617002AD414 /* readme.txt in Resources */ = {isa = PBXBuildFile; fileRef = EDFD84022487F616002AD414 /* readme.txt */; };
		EDFD840A2487F617002AD414 /* README_J in Resources */ = {isa = PBXBuildFile; fileRef = EDFD84042487F616002AD414 /* README_J */; };
		EDFD840B2487F617002AD414 /* README_E in Resources */ = {isa = PBXBuildFile; fileRef = EDFD84052487F616002AD414 /* README_E */; };
		EDFD840C2487F617002AD414 /* LICENSE_E in Resources */ = {isa = PBXBuildFile; fileRef = EDFD84062487F616002AD414 /* LICENSE_E */; };
		EDFD840D2487F617002AD414 /* LICENSE_J in Resources */ = {isa = PBXBuildFile; fileRef = EDFD84072487F616002AD414 /* LICENSE_J */; };
		EDFD840F2487FA96002AD414 /* Preview4ViewController.swift in Sources */ = {isa = PBXBuildFile; fileRef = EDFD840E2487FA96002AD414 /* Preview4ViewController.swift */; };
		EDFD84112487FAC2002AD414 /* Preview5ViewController.swift in Sources */ = {isa = PBXBuildFile; fileRef = EDFD84102487FAC2002AD414 /* Preview5ViewController.swift */; };
		EDFD84132487FACC002AD414 /* Preview6ViewController.swift in Sources */ = {isa = PBXBuildFile; fileRef = EDFD84122487FACC002AD414 /* Preview6ViewController.swift */; };
/* End PBXBuildFile section */

/* Begin PBXContainerItemProxy section */
		ED87A7FF2470112D00869C88 /* PBXContainerItemProxy */ = {
			isa = PBXContainerItemProxy;
			containerPortal = ED87A7E02470112A00869C88 /* Project object */;
			proxyType = 1;
			remoteGlobalIDString = ED87A7E72470112A00869C88;
			remoteInfo = MenuMaker;
		};
		ED87A80A2470112D00869C88 /* PBXContainerItemProxy */ = {
			isa = PBXContainerItemProxy;
			containerPortal = ED87A7E02470112A00869C88 /* Project object */;
			proxyType = 1;
			remoteGlobalIDString = ED87A7E72470112A00869C88;
			remoteInfo = MenuMaker;
		};
/* End PBXContainerItemProxy section */

/* Begin PBXFileReference section */
		ED01FE4224764DB20089CB6D /* menu.swift */ = {isa = PBXFileReference; lastKnownFileType = sourcecode.swift; path = menu.swift; sourceTree = "<group>"; };
		ED01FE44247657130089CB6D /* Preview2ViewController.swift */ = {isa = PBXFileReference; lastKnownFileType = sourcecode.swift; path = Preview2ViewController.swift; sourceTree = "<group>"; };
		ED01FE46247657340089CB6D /* Preview3ViewController.swift */ = {isa = PBXFileReference; lastKnownFileType = sourcecode.swift; path = Preview3ViewController.swift; sourceTree = "<group>"; };
		ED3E95142482477D00AA4121 /* AboutAppViewController.swift */ = {isa = PBXFileReference; lastKnownFileType = sourcecode.swift; path = AboutAppViewController.swift; sourceTree = "<group>"; };
		ED4A2F5D24756095009B265B /* chooseMenuViewController.swift */ = {isa = PBXFileReference; lastKnownFileType = sourcecode.swift; path = chooseMenuViewController.swift; sourceTree = "<group>"; };
		ED5306F7247D292E00846D5F /* KTEGAKI.ttf */ = {isa = PBXFileReference; lastKnownFileType = file; path = KTEGAKI.ttf; sourceTree = "<group>"; };
		ED5306F8247D292E00846D5F /* readme.txt */ = {isa = PBXFileReference; fileEncoding = 4; lastKnownFileType = text; path = readme.txt; sourceTree = "<group>"; };
		ED87A7E82470112A00869C88 /* MenuMaker.app */ = {isa = PBXFileReference; explicitFileType = wrapper.application; includeInIndex = 0; path = MenuMaker.app; sourceTree = BUILT_PRODUCTS_DIR; };
		ED87A7EB2470112A00869C88 /* AppDelegate.swift */ = {isa = PBXFileReference; lastKnownFileType = sourcecode.swift; path = AppDelegate.swift; sourceTree = "<group>"; };
		ED87A7ED2470112A00869C88 /* SceneDelegate.swift */ = {isa = PBXFileReference; lastKnownFileType = sourcecode.swift; path = SceneDelegate.swift; sourceTree = "<group>"; };
		ED87A7EF2470112A00869C88 /* ViewController.swift */ = {isa = PBXFileReference; lastKnownFileType = sourcecode.swift; path = ViewController.swift; sourceTree = "<group>"; };
		ED87A7F22470112A00869C88 /* Base */ = {isa = PBXFileReference; lastKnownFileType = file.storyboard; name = Base; path = Base.lproj/Main.storyboard; sourceTree = "<group>"; };
		ED87A7F42470112D00869C88 /* Assets.xcassets */ = {isa = PBXFileReference; lastKnownFileType = folder.assetcatalog; path = Assets.xcassets; sourceTree = "<group>"; };
		ED87A7F72470112D00869C88 /* Base */ = {isa = PBXFileReference; lastKnownFileType = file.storyboard; name = Base; path = Base.lproj/LaunchScreen.storyboard; sourceTree = "<group>"; };
		ED87A7F92470112D00869C88 /* Info.plist */ = {isa = PBXFileReference; lastKnownFileType = text.plist.xml; path = Info.plist; sourceTree = "<group>"; };
		ED87A7FE2470112D00869C88 /* MenuMakerTests.xctest */ = {isa = PBXFileReference; explicitFileType = wrapper.cfbundle; includeInIndex = 0; path = MenuMakerTests.xctest; sourceTree = BUILT_PRODUCTS_DIR; };
		ED87A8022470112D00869C88 /* MenuMakerTests.swift */ = {isa = PBXFileReference; lastKnownFileType = sourcecode.swift; path = MenuMakerTests.swift; sourceTree = "<group>"; };
		ED87A8042470112D00869C88 /* Info.plist */ = {isa = PBXFileReference; lastKnownFileType = text.plist.xml; path = Info.plist; sourceTree = "<group>"; };
		ED87A8092470112D00869C88 /* MenuMakerUITests.xctest */ = {isa = PBXFileReference; explicitFileType = wrapper.cfbundle; includeInIndex = 0; path = MenuMakerUITests.xctest; sourceTree = BUILT_PRODUCTS_DIR; };
		ED87A80D2470112D00869C88 /* MenuMakerUITests.swift */ = {isa = PBXFileReference; lastKnownFileType = sourcecode.swift; path = MenuMakerUITests.swift; sourceTree = "<group>"; };
		ED87A80F2470112D00869C88 /* Info.plist */ = {isa = PBXFileReference; lastKnownFileType = text.plist.xml; path = Info.plist; sourceTree = "<group>"; };
		ED87A8212470133E00869C88 /* PreviewViewController.swift */ = {isa = PBXFileReference; lastKnownFileType = sourcecode.swift; path = PreviewViewController.swift; sourceTree = "<group>"; };
		ED91C793248B81B300A5E637 /* Preview7ViewController.swift */ = {isa = PBXFileReference; lastKnownFileType = sourcecode.swift; path = Preview7ViewController.swift; sourceTree = "<group>"; };
		ED91C795248B81C900A5E637 /* Preview8ViewController.swift */ = {isa = PBXFileReference; lastKnownFileType = sourcecode.swift; path = Preview8ViewController.swift; sourceTree = "<group>"; };
		ED91C797248B876C00A5E637 /* Preview9ViewController.swift */ = {isa = PBXFileReference; lastKnownFileType = sourcecode.swift; path = Preview9ViewController.swift; sourceTree = "<group>"; };
		ED91C799248B878100A5E637 /* Preview10ViewController.swift */ = {isa = PBXFileReference; lastKnownFileType = sourcecode.swift; path = Preview10ViewController.swift; sourceTree = "<group>"; };
		EDFD83FC24877C23002AD414 /* アプリ説明動画.mp4 */ = {isa = PBXFileReference; lastKnownFileType = file; path = "アプリ説明動画.mp4"; sourceTree = SOURCE_ROOT; };
		EDFD83FE24877F85002AD414 /* TutorialVideoPlayerViewController.swift */ = {isa = PBXFileReference; lastKnownFileType = sourcecode.swift; path = TutorialVideoPlayerViewController.swift; sourceTree = "<group>"; };
		EDFD84012487F616002AD414 /* JKG-M_3.ttf */ = {isa = PBXFileReference; lastKnownFileType = file; path = "JKG-M_3.ttf"; sourceTree = "<group>"; };
		EDFD84022487F616002AD414 /* readme.txt */ = {isa = PBXFileReference; fileEncoding = 4; lastKnownFileType = text; path = readme.txt; sourceTree = "<group>"; };
		EDFD84042487F616002AD414 /* README_J */ = {isa = PBXFileReference; fileEncoding = 4; lastKnownFileType = text; path = README_J; sourceTree = "<group>"; };
		EDFD84052487F616002AD414 /* README_E */ = {isa = PBXFileReference; fileEncoding = 4; lastKnownFileType = text; path = README_E; sourceTree = "<group>"; };
		EDFD84062487F616002AD414 /* LICENSE_E */ = {isa = PBXFileReference; fileEncoding = 4; lastKnownFileType = text; path = LICENSE_E; sourceTree = "<group>"; };
		EDFD84072487F616002AD414 /* LICENSE_J */ = {isa = PBXFileReference; fileEncoding = 4; lastKnownFileType = text; path = LICENSE_J; sourceTree = "<group>"; };
		EDFD840E2487FA96002AD414 /* Preview4ViewController.swift */ = {isa = PBXFileReference; lastKnownFileType = sourcecode.swift; path = Preview4ViewController.swift; sourceTree = "<group>"; };
		EDFD84102487FAC2002AD414 /* Preview5ViewController.swift */ = {isa = PBXFileReference; lastKnownFileType = sourcecode.swift; path = Preview5ViewController.swift; sourceTree = "<group>"; };
		EDFD84122487FACC002AD414 /* Preview6ViewController.swift */ = {isa = PBXFileReference; lastKnownFileType = sourcecode.swift; path = Preview6ViewController.swift; sourceTree = "<group>"; };
/* End PBXFileReference section */

/* Begin PBXFrameworksBuildPhase section */
		ED87A7E52470112A00869C88 /* Frameworks */ = {
			isa = PBXFrameworksBuildPhase;
			buildActionMask = 2147483647;
			files = (
			);
			runOnlyForDeploymentPostprocessing = 0;
		};
		ED87A7FB2470112D00869C88 /* Frameworks */ = {
			isa = PBXFrameworksBuildPhase;
			buildActionMask = 2147483647;
			files = (
			);
			runOnlyForDeploymentPostprocessing = 0;
		};
		ED87A8062470112D00869C88 /* Frameworks */ = {
			isa = PBXFrameworksBuildPhase;
			buildActionMask = 2147483647;
			files = (
			);
			runOnlyForDeploymentPostprocessing = 0;
		};
/* End PBXFrameworksBuildPhase section */

/* Begin PBXGroup section */
		ED5306F6247D292E00846D5F /* KTEGAKI120 */ = {
			isa = PBXGroup;
			children = (
				ED5306F7247D292E00846D5F /* KTEGAKI.ttf */,
				ED5306F8247D292E00846D5F /* readme.txt */,
			);
			path = KTEGAKI120;
			sourceTree = SOURCE_ROOT;
		};
		ED87A7DF2470112A00869C88 = {
			isa = PBXGroup;
			children = (
				ED87A7EA2470112A00869C88 /* MenuMaker */,
				EDFD84002487F616002AD414 /* jk-go-m-1 */,
				ED5306F6247D292E00846D5F /* KTEGAKI120 */,
				ED87A8012470112D00869C88 /* MenuMakerTests */,
				ED87A80C2470112D00869C88 /* MenuMakerUITests */,
				ED87A7E92470112A00869C88 /* Products */,
			);
			sourceTree = "<group>";
		};
		ED87A7E92470112A00869C88 /* Products */ = {
			isa = PBXGroup;
			children = (
				ED87A7E82470112A00869C88 /* MenuMaker.app */,
				ED87A7FE2470112D00869C88 /* MenuMakerTests.xctest */,
				ED87A8092470112D00869C88 /* MenuMakerUITests.xctest */,
			);
			name = Products;
			sourceTree = "<group>";
		};
		ED87A7EA2470112A00869C88 /* MenuMaker */ = {
			isa = PBXGroup;
			children = (
				EDFD83FC24877C23002AD414 /* アプリ説明動画.mp4 */,
				ED87A7EB2470112A00869C88 /* AppDelegate.swift */,
				ED87A7ED2470112A00869C88 /* SceneDelegate.swift */,
				ED01FE4224764DB20089CB6D /* menu.swift */,
				ED87A7EF2470112A00869C88 /* ViewController.swift */,
				EDFD83FE24877F85002AD414 /* TutorialVideoPlayerViewController.swift */,
				ED4A2F5D24756095009B265B /* chooseMenuViewController.swift */,
				ED87A8212470133E00869C88 /* PreviewViewController.swift */,
				ED01FE44247657130089CB6D /* Preview2ViewController.swift */,
				ED01FE46247657340089CB6D /* Preview3ViewController.swift */,
				EDFD840E2487FA96002AD414 /* Preview4ViewController.swift */,
				EDFD84102487FAC2002AD414 /* Preview5ViewController.swift */,
				EDFD84122487FACC002AD414 /* Preview6ViewController.swift */,
				ED91C793248B81B300A5E637 /* Preview7ViewController.swift */,
				ED91C795248B81C900A5E637 /* Preview8ViewController.swift */,
				ED91C797248B876C00A5E637 /* Preview9ViewController.swift */,
				ED91C799248B878100A5E637 /* Preview10ViewController.swift */,
				ED87A7F12470112A00869C88 /* Main.storyboard */,
				ED87A7F42470112D00869C88 /* Assets.xcassets */,
				ED87A7F62470112D00869C88 /* LaunchScreen.storyboard */,
				ED3E95142482477D00AA4121 /* AboutAppViewController.swift */,
				ED87A7F92470112D00869C88 /* Info.plist */,
			);
			path = MenuMaker;
			sourceTree = "<group>";
		};
		ED87A8012470112D00869C88 /* MenuMakerTests */ = {
			isa = PBXGroup;
			children = (
				ED87A8022470112D00869C88 /* MenuMakerTests.swift */,
				ED87A8042470112D00869C88 /* Info.plist */,
			);
			path = MenuMakerTests;
			sourceTree = "<group>";
		};
		ED87A80C2470112D00869C88 /* MenuMakerUITests */ = {
			isa = PBXGroup;
			children = (
				ED87A80D2470112D00869C88 /* MenuMakerUITests.swift */,
				ED87A80F2470112D00869C88 /* Info.plist */,
			);
			path = MenuMakerUITests;
			sourceTree = "<group>";
		};
		EDFD84002487F616002AD414 /* jk-go-m-1 */ = {
			isa = PBXGroup;
			children = (
				EDFD84012487F616002AD414 /* JKG-M_3.ttf */,
				EDFD84022487F616002AD414 /* readme.txt */,
				EDFD84032487F616002AD414 /* mplus-TESTFLIGHT-059 */,
			);
			path = "jk-go-m-1";
			sourceTree = SOURCE_ROOT;
		};
		EDFD84032487F616002AD414 /* mplus-TESTFLIGHT-059 */ = {
			isa = PBXGroup;
			children = (
				EDFD84042487F616002AD414 /* README_J */,
				EDFD84052487F616002AD414 /* README_E */,
				EDFD84062487F616002AD414 /* LICENSE_E */,
				EDFD84072487F616002AD414 /* LICENSE_J */,
			);
			path = "mplus-TESTFLIGHT-059";
			sourceTree = "<group>";
		};
/* End PBXGroup section */

/* Begin PBXNativeTarget section */
		ED87A7E72470112A00869C88 /* MenuMaker */ = {
			isa = PBXNativeTarget;
			buildConfigurationList = ED87A8122470112D00869C88 /* Build configuration list for PBXNativeTarget "MenuMaker" */;
			buildPhases = (
				ED87A7E42470112A00869C88 /* Sources */,
				ED87A7E52470112A00869C88 /* Frameworks */,
				ED87A7E62470112A00869C88 /* Resources */,
			);
			buildRules = (
			);
			dependencies = (
			);
			name = MenuMaker;
			productName = MenuMaker;
			productReference = ED87A7E82470112A00869C88 /* MenuMaker.app */;
			productType = "com.apple.product-type.application";
		};
		ED87A7FD2470112D00869C88 /* MenuMakerTests */ = {
			isa = PBXNativeTarget;
			buildConfigurationList = ED87A8152470112D00869C88 /* Build configuration list for PBXNativeTarget "MenuMakerTests" */;
			buildPhases = (
				ED87A7FA2470112D00869C88 /* Sources */,
				ED87A7FB2470112D00869C88 /* Frameworks */,
				ED87A7FC2470112D00869C88 /* Resources */,
			);
			buildRules = (
			);
			dependencies = (
				ED87A8002470112D00869C88 /* PBXTargetDependency */,
			);
			name = MenuMakerTests;
			productName = MenuMakerTests;
			productReference = ED87A7FE2470112D00869C88 /* MenuMakerTests.xctest */;
			productType = "com.apple.product-type.bundle.unit-test";
		};
		ED87A8082470112D00869C88 /* MenuMakerUITests */ = {
			isa = PBXNativeTarget;
			buildConfigurationList = ED87A8182470112D00869C88 /* Build configuration list for PBXNativeTarget "MenuMakerUITests" */;
			buildPhases = (
				ED87A8052470112D00869C88 /* Sources */,
				ED87A8062470112D00869C88 /* Frameworks */,
				ED87A8072470112D00869C88 /* Resources */,
			);
			buildRules = (
			);
			dependencies = (
				ED87A80B2470112D00869C88 /* PBXTargetDependency */,
			);
			name = MenuMakerUITests;
			productName = MenuMakerUITests;
			productReference = ED87A8092470112D00869C88 /* MenuMakerUITests.xctest */;
			productType = "com.apple.product-type.bundle.ui-testing";
		};
/* End PBXNativeTarget section */

/* Begin PBXProject section */
		ED87A7E02470112A00869C88 /* Project object */ = {
			isa = PBXProject;
			attributes = {
				LastSwiftUpdateCheck = 1140;
				LastUpgradeCheck = 1140;
				ORGANIZATIONNAME = "Fujita Fujimon";
				TargetAttributes = {
					ED87A7E72470112A00869C88 = {
						CreatedOnToolsVersion = 11.4.1;
					};
					ED87A7FD2470112D00869C88 = {
						CreatedOnToolsVersion = 11.4.1;
						TestTargetID = ED87A7E72470112A00869C88;
					};
					ED87A8082470112D00869C88 = {
						CreatedOnToolsVersion = 11.4.1;
						TestTargetID = ED87A7E72470112A00869C88;
					};
				};
			};
			buildConfigurationList = ED87A7E32470112A00869C88 /* Build configuration list for PBXProject "MenuMaker" */;
			compatibilityVersion = "Xcode 9.3";
			developmentRegion = en;
			hasScannedForEncodings = 0;
			knownRegions = (
				en,
				Base,
			);
			mainGroup = ED87A7DF2470112A00869C88;
			productRefGroup = ED87A7E92470112A00869C88 /* Products */;
			projectDirPath = "";
			projectRoot = "";
			targets = (
				ED87A7E72470112A00869C88 /* MenuMaker */,
				ED87A7FD2470112D00869C88 /* MenuMakerTests */,
				ED87A8082470112D00869C88 /* MenuMakerUITests */,
			);
		};
/* End PBXProject section */

/* Begin PBXResourcesBuildPhase section */
		ED87A7E62470112A00869C88 /* Resources */ = {
			isa = PBXResourcesBuildPhase;
			buildActionMask = 2147483647;
			files = (
				ED5306FA247D292E00846D5F /* readme.txt in Resources */,
				EDFD840D2487F617002AD414 /* LICENSE_J in Resources */,
				ED87A7F82470112D00869C88 /* LaunchScreen.storyboard in Resources */,
				EDFD83FD24877C23002AD414 /* アプリ説明動画.mp4 in Resources */,
				EDFD84082487F617002AD414 /* JKG-M_3.ttf in Resources */,
				ED87A7F52470112D00869C88 /* Assets.xcassets in Resources */,
				ED87A7F32470112A00869C88 /* Main.storyboard in Resources */,
				EDFD840B2487F617002AD414 /* README_E in Resources */,
				EDFD840C2487F617002AD414 /* LICENSE_E in Resources */,
				EDFD84092487F617002AD414 /* readme.txt in Resources */,
				EDFD840A2487F617002AD414 /* README_J in Resources */,
				ED5306F9247D292E00846D5F /* KTEGAKI.ttf in Resources */,
			);
			runOnlyForDeploymentPostprocessing = 0;
		};
		ED87A7FC2470112D00869C88 /* Resources */ = {
			isa = PBXResourcesBuildPhase;
			buildActionMask = 2147483647;
			files = (
			);
			runOnlyForDeploymentPostprocessing = 0;
		};
		ED87A8072470112D00869C88 /* Resources */ = {
			isa = PBXResourcesBuildPhase;
			buildActionMask = 2147483647;
			files = (
			);
			runOnlyForDeploymentPostprocessing = 0;
		};
/* End PBXResourcesBuildPhase section */

/* Begin PBXSourcesBuildPhase section */
		ED87A7E42470112A00869C88 /* Sources */ = {
			isa = PBXSourcesBuildPhase;
			buildActionMask = 2147483647;
			files = (
				ED87A7F02470112A00869C88 /* ViewController.swift in Sources */,
				ED91C798248B876C00A5E637 /* Preview9ViewController.swift in Sources */,
				EDFD840F2487FA96002AD414 /* Preview4ViewController.swift in Sources */,
				ED87A7EC2470112A00869C88 /* AppDelegate.swift in Sources */,
				ED01FE45247657130089CB6D /* Preview2ViewController.swift in Sources */,
				ED87A8222470133E00869C88 /* PreviewViewController.swift in Sources */,
				ED87A7EE2470112A00869C88 /* SceneDelegate.swift in Sources */,
				ED91C796248B81C900A5E637 /* Preview8ViewController.swift in Sources */,
				ED01FE4324764DB20089CB6D /* menu.swift in Sources */,
				ED91C794248B81B400A5E637 /* Preview7ViewController.swift in Sources */,
				EDFD84132487FACC002AD414 /* Preview6ViewController.swift in Sources */,
				ED01FE47247657340089CB6D /* Preview3ViewController.swift in Sources */,
				ED91C79A248B878100A5E637 /* Preview10ViewController.swift in Sources */,
				ED3E95152482477D00AA4121 /* AboutAppViewController.swift in Sources */,
				EDFD84112487FAC2002AD414 /* Preview5ViewController.swift in Sources */,
				ED4A2F5E24756095009B265B /* chooseMenuViewController.swift in Sources */,
				EDFD83FF24877F85002AD414 /* TutorialVideoPlayerViewController.swift in Sources */,
			);
			runOnlyForDeploymentPostprocessing = 0;
		};
		ED87A7FA2470112D00869C88 /* Sources */ = {
			isa = PBXSourcesBuildPhase;
			buildActionMask = 2147483647;
			files = (
				ED87A8032470112D00869C88 /* MenuMakerTests.swift in Sources */,
			);
			runOnlyForDeploymentPostprocessing = 0;
		};
		ED87A8052470112D00869C88 /* Sources */ = {
			isa = PBXSourcesBuildPhase;
			buildActionMask = 2147483647;
			files = (
				ED87A80E2470112D00869C88 /* MenuMakerUITests.swift in Sources */,
			);
			runOnlyForDeploymentPostprocessing = 0;
		};
/* End PBXSourcesBuildPhase section */

/* Begin PBXTargetDependency section */
		ED87A8002470112D00869C88 /* PBXTargetDependency */ = {
			isa = PBXTargetDependency;
			target = ED87A7E72470112A00869C88 /* MenuMaker */;
			targetProxy = ED87A7FF2470112D00869C88 /* PBXContainerItemProxy */;
		};
		ED87A80B2470112D00869C88 /* PBXTargetDependency */ = {
			isa = PBXTargetDependency;
			target = ED87A7E72470112A00869C88 /* MenuMaker */;
			targetProxy = ED87A80A2470112D00869C88 /* PBXContainerItemProxy */;
		};
/* End PBXTargetDependency section */

/* Begin PBXVariantGroup section */
		ED87A7F12470112A00869C88 /* Main.storyboard */ = {
			isa = PBXVariantGroup;
			children = (
				ED87A7F22470112A00869C88 /* Base */,
			);
			name = Main.storyboard;
			sourceTree = "<group>";
		};
		ED87A7F62470112D00869C88 /* LaunchScreen.storyboard */ = {
			isa = PBXVariantGroup;
			children = (
				ED87A7F72470112D00869C88 /* Base */,
			);
			name = LaunchScreen.storyboard;
			sourceTree = "<group>";
		};
/* End PBXVariantGroup section */

/* Begin XCBuildConfiguration section */
		ED87A8102470112D00869C88 /* Debug */ = {
			isa = XCBuildConfiguration;
			buildSettings = {
				ALWAYS_SEARCH_USER_PATHS = NO;
				CLANG_ANALYZER_NONNULL = YES;
				CLANG_ANALYZER_NUMBER_OBJECT_CONVERSION = YES_AGGRESSIVE;
				CLANG_CXX_LANGUAGE_STANDARD = "gnu++14";
				CLANG_CXX_LIBRARY = "libc++";
				CLANG_ENABLE_MODULES = YES;
				CLANG_ENABLE_OBJC_ARC = YES;
				CLANG_ENABLE_OBJC_WEAK = YES;
				CLANG_WARN_BLOCK_CAPTURE_AUTORELEASING = YES;
				CLANG_WARN_BOOL_CONVERSION = YES;
				CLANG_WARN_COMMA = YES;
				CLANG_WARN_CONSTANT_CONVERSION = YES;
				CLANG_WARN_DEPRECATED_OBJC_IMPLEMENTATIONS = YES;
				CLANG_WARN_DIRECT_OBJC_ISA_USAGE = YES_ERROR;
				CLANG_WARN_DOCUMENTATION_COMMENTS = YES;
				CLANG_WARN_EMPTY_BODY = YES;
				CLANG_WARN_ENUM_CONVERSION = YES;
				CLANG_WARN_INFINITE_RECURSION = YES;
				CLANG_WARN_INT_CONVERSION = YES;
				CLANG_WARN_NON_LITERAL_NULL_CONVERSION = YES;
				CLANG_WARN_OBJC_IMPLICIT_RETAIN_SELF = YES;
				CLANG_WARN_OBJC_LITERAL_CONVERSION = YES;
				CLANG_WARN_OBJC_ROOT_CLASS = YES_ERROR;
				CLANG_WARN_RANGE_LOOP_ANALYSIS = YES;
				CLANG_WARN_STRICT_PROTOTYPES = YES;
				CLANG_WARN_SUSPICIOUS_MOVE = YES;
				CLANG_WARN_UNGUARDED_AVAILABILITY = YES_AGGRESSIVE;
				CLANG_WARN_UNREACHABLE_CODE = YES;
				CLANG_WARN__DUPLICATE_METHOD_MATCH = YES;
				COPY_PHASE_STRIP = NO;
				DEBUG_INFORMATION_FORMAT = dwarf;
				ENABLE_STRICT_OBJC_MSGSEND = YES;
				ENABLE_TESTABILITY = YES;
				GCC_C_LANGUAGE_STANDARD = gnu11;
				GCC_DYNAMIC_NO_PIC = NO;
				GCC_NO_COMMON_BLOCKS = YES;
				GCC_OPTIMIZATION_LEVEL = 0;
				GCC_PREPROCESSOR_DEFINITIONS = (
					"DEBUG=1",
					"$(inherited)",
				);
				GCC_WARN_64_TO_32_BIT_CONVERSION = YES;
				GCC_WARN_ABOUT_RETURN_TYPE = YES_ERROR;
				GCC_WARN_UNDECLARED_SELECTOR = YES;
				GCC_WARN_UNINITIALIZED_AUTOS = YES_AGGRESSIVE;
				GCC_WARN_UNUSED_FUNCTION = YES;
				GCC_WARN_UNUSED_VARIABLE = YES;
				IPHONEOS_DEPLOYMENT_TARGET = 13.5;
				MTL_ENABLE_DEBUG_INFO = INCLUDE_SOURCE;
				MTL_FAST_MATH = YES;
				ONLY_ACTIVE_ARCH = YES;
				SDKROOT = iphoneos;
				SWIFT_ACTIVE_COMPILATION_CONDITIONS = DEBUG;
				SWIFT_OPTIMIZATION_LEVEL = "-Onone";
			};
			name = Debug;
		};
		ED87A8112470112D00869C88 /* Release */ = {
			isa = XCBuildConfiguration;
			buildSettings = {
				ALWAYS_SEARCH_USER_PATHS = NO;
				CLANG_ANALYZER_NONNULL = YES;
				CLANG_ANALYZER_NUMBER_OBJECT_CONVERSION = YES_AGGRESSIVE;
				CLANG_CXX_LANGUAGE_STANDARD = "gnu++14";
				CLANG_CXX_LIBRARY = "libc++";
				CLANG_ENABLE_MODULES = YES;
				CLANG_ENABLE_OBJC_ARC = YES;
				CLANG_ENABLE_OBJC_WEAK = YES;
				CLANG_WARN_BLOCK_CAPTURE_AUTORELEASING = YES;
				CLANG_WARN_BOOL_CONVERSION = YES;
				CLANG_WARN_COMMA = YES;
				CLANG_WARN_CONSTANT_CONVERSION = YES;
				CLANG_WARN_DEPRECATED_OBJC_IMPLEMENTATIONS = YES;
				CLANG_WARN_DIRECT_OBJC_ISA_USAGE = YES_ERROR;
				CLANG_WARN_DOCUMENTATION_COMMENTS = YES;
				CLANG_WARN_EMPTY_BODY = YES;
				CLANG_WARN_ENUM_CONVERSION = YES;
				CLANG_WARN_INFINITE_RECURSION = YES;
				CLANG_WARN_INT_CONVERSION = YES;
				CLANG_WARN_NON_LITERAL_NULL_CONVERSION = YES;
				CLANG_WARN_OBJC_IMPLICIT_RETAIN_SELF = YES;
				CLANG_WARN_OBJC_LITERAL_CONVERSION = YES;
				CLANG_WARN_OBJC_ROOT_CLASS = YES_ERROR;
				CLANG_WARN_RANGE_LOOP_ANALYSIS = YES;
				CLANG_WARN_STRICT_PROTOTYPES = YES;
				CLANG_WARN_SUSPICIOUS_MOVE = YES;
				CLANG_WARN_UNGUARDED_AVAILABILITY = YES_AGGRESSIVE;
				CLANG_WARN_UNREACHABLE_CODE = YES;
				CLANG_WARN__DUPLICATE_METHOD_MATCH = YES;
				COPY_PHASE_STRIP = NO;
				DEBUG_INFORMATION_FORMAT = "dwarf-with-dsym";
				ENABLE_NS_ASSERTIONS = NO;
				ENABLE_STRICT_OBJC_MSGSEND = YES;
				GCC_C_LANGUAGE_STANDARD = gnu11;
				GCC_NO_COMMON_BLOCKS = YES;
				GCC_WARN_64_TO_32_BIT_CONVERSION = YES;
				GCC_WARN_ABOUT_RETURN_TYPE = YES_ERROR;
				GCC_WARN_UNDECLARED_SELECTOR = YES;
				GCC_WARN_UNINITIALIZED_AUTOS = YES_AGGRESSIVE;
				GCC_WARN_UNUSED_FUNCTION = YES;
				GCC_WARN_UNUSED_VARIABLE = YES;
				IPHONEOS_DEPLOYMENT_TARGET = 13.5;
				MTL_ENABLE_DEBUG_INFO = NO;
				MTL_FAST_MATH = YES;
				SDKROOT = iphoneos;
				SWIFT_COMPILATION_MODE = wholemodule;
				SWIFT_OPTIMIZATION_LEVEL = "-O";
				VALIDATE_PRODUCT = YES;
			};
			name = Release;
		};
		ED87A8132470112D00869C88 /* Debug */ = {
			isa = XCBuildConfiguration;
			buildSettings = {
				ASSETCATALOG_COMPILER_APPICON_NAME = AppIcon;
				CODE_SIGN_IDENTITY = "iPhone Distribution";
				CODE_SIGN_STYLE = Manual;
				CURRENT_PROJECT_VERSION = 1.0.0.0;
				DEVELOPMENT_TEAM = 2K446D59RQ;
				INFOPLIST_FILE = MenuMaker/Info.plist;
				LD_RUNPATH_SEARCH_PATHS = (
					"$(inherited)",
					"@executable_path/Frameworks",
				);
				MARKETING_VERSION = 1.0.0;
				PRODUCT_BUNDLE_IDENTIFIER = jp.co.lifeistech.MenuMaker;
				PRODUCT_NAME = "$(TARGET_NAME)";
				PROVISIONING_PROFILE_SPECIFIER = "L12YoshikiFujita-Distribution";
				SWIFT_VERSION = 5.0;
				TARGETED_DEVICE_FAMILY = "1,2";
			};
			name = Debug;
		};
		ED87A8142470112D00869C88 /* Release */ = {
			isa = XCBuildConfiguration;
			buildSettings = {
				ASSETCATALOG_COMPILER_APPICON_NAME = AppIcon;
				CODE_SIGN_IDENTITY = "iPhone Distribution";
				CODE_SIGN_STYLE = Manual;
				CURRENT_PROJECT_VERSION = 1.0.0.0;
				DEVELOPMENT_TEAM = 2K446D59RQ;
				INFOPLIST_FILE = MenuMaker/Info.plist;
				LD_RUNPATH_SEARCH_PATHS = (
					"$(inherited)",
					"@executable_path/Frameworks",
				);
				MARKETING_VERSION = 1.0.0;
				PRODUCT_BUNDLE_IDENTIFIER = jp.co.lifeistech.MenuMaker;
				PRODUCT_NAME = "$(TARGET_NAME)";
				PROVISIONING_PROFILE_SPECIFIER = "L12YoshikiFujita-Distribution";
				SWIFT_VERSION = 5.0;
				TARGETED_DEVICE_FAMILY = "1,2";
			};
			name = Release;
		};
		ED87A8162470112D00869C88 /* Debug */ = {
			isa = XCBuildConfiguration;
			buildSettings = {
				ALWAYS_EMBED_SWIFT_STANDARD_LIBRARIES = YES;
				BUNDLE_LOADER = "$(TEST_HOST)";
				CODE_SIGN_STYLE = Automatic;
				DEVELOPMENT_TEAM = L23RK29SC3;
				INFOPLIST_FILE = MenuMakerTests/Info.plist;
				IPHONEOS_DEPLOYMENT_TARGET = 13.4;
				LD_RUNPATH_SEARCH_PATHS = (
					"$(inherited)",
					"@executable_path/Frameworks",
					"@loader_path/Frameworks",
				);
				PRODUCT_BUNDLE_IDENTIFIER = "Yoshiki-Fujita.MenuMakerTests";
				PRODUCT_NAME = "$(TARGET_NAME)";
				SWIFT_VERSION = 5.0;
				TARGETED_DEVICE_FAMILY = "1,2";
				TEST_HOST = "$(BUILT_PRODUCTS_DIR)/MenuMaker.app/MenuMaker";
			};
			name = Debug;
		};
		ED87A8172470112D00869C88 /* Release */ = {
			isa = XCBuildConfiguration;
			buildSettings = {
				ALWAYS_EMBED_SWIFT_STANDARD_LIBRARIES = YES;
				BUNDLE_LOADER = "$(TEST_HOST)";
				CODE_SIGN_STYLE = Automatic;
				DEVELOPMENT_TEAM = L23RK29SC3;
				INFOPLIST_FILE = MenuMakerTests/Info.plist;
				IPHONEOS_DEPLOYMENT_TARGET = 13.4;
				LD_RUNPATH_SEARCH_PATHS = (
					"$(inherited)",
					"@executable_path/Frameworks",
					"@loader_path/Frameworks",
				);
				PRODUCT_BUNDLE_IDENTIFIER = "Yoshiki-Fujita.MenuMakerTests";
				PRODUCT_NAME = "$(TARGET_NAME)";
				SWIFT_VERSION = 5.0;
				TARGETED_DEVICE_FAMILY = "1,2";
				TEST_HOST = "$(BUILT_PRODUCTS_DIR)/MenuMaker.app/MenuMaker";
			};
			name = Release;
		};
		ED87A8192470112D00869C88 /* Debug */ = {
			isa = XCBuildConfiguration;
			buildSettings = {
				ALWAYS_EMBED_SWIFT_STANDARD_LIBRARIES = YES;
				CODE_SIGN_STYLE = Automatic;
				DEVELOPMENT_TEAM = L23RK29SC3;
				INFOPLIST_FILE = MenuMakerUITests/Info.plist;
				LD_RUNPATH_SEARCH_PATHS = (
					"$(inherited)",
					"@executable_path/Frameworks",
					"@loader_path/Frameworks",
				);
				PRODUCT_BUNDLE_IDENTIFIER = "Yoshiki-Fujita.MenuMakerUITests";
				PRODUCT_NAME = "$(TARGET_NAME)";
				SWIFT_VERSION = 5.0;
				TARGETED_DEVICE_FAMILY = "1,2";
				TEST_TARGET_NAME = MenuMaker;
			};
			name = Debug;
		};
		ED87A81A2470112D00869C88 /* Release */ = {
			isa = XCBuildConfiguration;
			buildSettings = {
				ALWAYS_EMBED_SWIFT_STANDARD_LIBRARIES = YES;
				CODE_SIGN_STYLE = Automatic;
				DEVELOPMENT_TEAM = L23RK29SC3;
				INFOPLIST_FILE = MenuMakerUITests/Info.plist;
				LD_RUNPATH_SEARCH_PATHS = (
					"$(inherited)",
					"@executable_path/Frameworks",
					"@loader_path/Frameworks",
				);
				PRODUCT_BUNDLE_IDENTIFIER = "Yoshiki-Fujita.MenuMakerUITests";
				PRODUCT_NAME = "$(TARGET_NAME)";
				SWIFT_VERSION = 5.0;
				TARGETED_DEVICE_FAMILY = "1,2";
				TEST_TARGET_NAME = MenuMaker;
			};
			name = Release;
		};
/* End XCBuildConfiguration section */

/* Begin XCConfigurationList section */
		ED87A7E32470112A00869C88 /* Build configuration list for PBXProject "MenuMaker" */ = {
			isa = XCConfigurationList;
			buildConfigurations = (
				ED87A8102470112D00869C88 /* Debug */,
				ED87A8112470112D00869C88 /* Release */,
			);
			defaultConfigurationIsVisible = 0;
			defaultConfigurationName = Release;
		};
		ED87A8122470112D00869C88 /* Build configuration list for PBXNativeTarget "MenuMaker" */ = {
			isa = XCConfigurationList;
			buildConfigurations = (
				ED87A8132470112D00869C88 /* Debug */,
				ED87A8142470112D00869C88 /* Release */,
			);
			defaultConfigurationIsVisible = 0;
			defaultConfigurationName = Release;
		};
		ED87A8152470112D00869C88 /* Build configuration list for PBXNativeTarget "MenuMakerTests" */ = {
			isa = XCConfigurationList;
			buildConfigurations = (
				ED87A8162470112D00869C88 /* Debug */,
				ED87A8172470112D00869C88 /* Release */,
			);
			defaultConfigurationIsVisible = 0;
			defaultConfigurationName = Release;
		};
		ED87A8182470112D00869C88 /* Build configuration list for PBXNativeTarget "MenuMakerUITests" */ = {
			isa = XCConfigurationList;
			buildConfigurations = (
				ED87A8192470112D00869C88 /* Debug */,
				ED87A81A2470112D00869C88 /* Release */,
			);
			defaultConfigurationIsVisible = 0;
			defaultConfigurationName = Release;
		};
/* End XCConfigurationList section */
	};
	rootObject = ED87A7E02470112A00869C88 /* Project object */;
}
